
Microsoft Visual Studio Solution File, Format Version 12.00
# Visual Studio 15
VisualStudioVersion = 15.0.28307.1433
MinimumVisualStudioVersion = 10.0.40219.1
Project("{8BC9CEB8-8B4A-11D0-8D11-00A0C91BC942}") = "Fractal", "Fractal\Fractal.vcxproj", "{14477373-0FC0-40C4-B162-781094D58C6E}"
EndProject
Global
	GlobalSection(SolutionConfigurationPlatforms) = preSolution
		Debug|x64 = Debug|x64
		Debug|x86 = Debug|x86
		Release|x64 = Release|x64
		Release|x86 = Release|x86
	EndGlobalSection
	GlobalSection(ProjectConfigurationPlatforms) = postSolution
		{14477373-0FC0-40C4-B162-781094D58C6E}.Debug|x64.ActiveCfg = Debug|x64
		{14477373-0FC0-40C4-B162-781094D58C6E}.Debug|x64.Build.0 = Debug|x64
		{14477373-0FC0-40C4-B162-781094D58C6E}.Debug|x86.ActiveCfg = Debug|Win32
		{14477373-0FC0-40C4-B162-781094D58C6E}.Debug|x86.Build.0 = Debug|Win32
		{14477373-0FC0-40C4-B162-781094D58C6E}.Release|x64.ActiveCfg = Release|x64
		{14477373-0FC0-40C4-B162-781094D58C6E}.Release|x64.Build.0 = Release|x64
		{14477373-0FC0-40C4-B162-781094D58C6E}.Release|x86.ActiveCfg = Release|Win32
		{14477373-0FC0-40C4-B162-781094D58C6E}.Release|x86.Build.0 = Release|Win32
	EndGlobalSection
	GlobalSection(SolutionProperties) = preSolution
		HideSolutionNode = FALSE
	EndGlobalSection
	GlobalSection(ExtensibilityGlobals) = postSolution
		SolutionGuid = {71A5D5F7-AF5B-4A26-B689-37021C704C71}
	EndGlobalSection
EndGlobal
